
Microsoft Visual Studio Solution File, Format Version 12.00
# Visual Studio Version 16
VisualStudioVersion = 16.0.30717.126
MinimumVisualStudioVersion = 10.0.40219.1
Project("{FAE04EC0-301F-11D3-BF4B-00C04F79EFBC}") = "HelloWorld", "HelloWorld\HelloWorld.csproj", "{ACB2B7FC-F617-4A42-946C-CD2C954B283D}"
EndProject
Global
	GlobalSection(SolutionConfigurationPlatforms) = preSolution
		Debug|Any CPU = Debug|Any CPU
		Release|Any CPU = Release|Any CPU
	EndGlobalSection
	GlobalSection(ProjectConfigurationPlatforms) = postSolution
		{ACB2B7FC-F617-4A42-946C-CD2C954B283D}.Debug|Any CPU.ActiveCfg = Debug|Any CPU
		{ACB2B7FC-F617-4A42-946C-CD2C954B283D}.Debug|Any CPU.Build.0 = Debug|Any CPU
		{ACB2B7FC-F617-4A42-946C-CD2C954B283D}.Release|Any CPU.ActiveCfg = Release|Any CPU
		{ACB2B7FC-F617-4A42-946C-CD2C954B283D}.Release|Any CPU.Build.0 = Release|Any CPU
	EndGlobalSection
	GlobalSection(SolutionProperties) = preSolution
		HideSolutionNode = FALSE
	EndGlobalSection
	GlobalSection(ExtensibilityGlobals) = postSolution
		SolutionGuid = {ABDD2BB3-67B3-4144-860B-71101395288C}
	EndGlobalSection
EndGlobal
