
Microsoft Visual Studio Solution File, Format Version 12.00
# Visual Studio Version 16
VisualStudioVersion = 16.0.30717.126
MinimumVisualStudioVersion = 10.0.40219.1
Project("{FAE04EC0-301F-11D3-BF4B-00C04F79EFBC}") = "ch12_prj_Wizard_Inventory", "ch12_prj_Wizard_Inventory\ch12_prj_Wizard_Inventory.csproj", "{7B982E8C-E5DA-4B6A-9857-6D5ABF220D95}"
EndProject
Global
	GlobalSection(SolutionConfigurationPlatforms) = preSolution
		Debug|Any CPU = Debug|Any CPU
		Release|Any CPU = Release|Any CPU
	EndGlobalSection
	GlobalSection(ProjectConfigurationPlatforms) = postSolution
		{7B982E8C-E5DA-4B6A-9857-6D5ABF220D95}.Debug|Any CPU.ActiveCfg = Debug|Any CPU
		{7B982E8C-E5DA-4B6A-9857-6D5ABF220D95}.Debug|Any CPU.Build.0 = Debug|Any CPU
		{7B982E8C-E5DA-4B6A-9857-6D5ABF220D95}.Release|Any CPU.ActiveCfg = Release|Any CPU
		{7B982E8C-E5DA-4B6A-9857-6D5ABF220D95}.Release|Any CPU.Build.0 = Release|Any CPU
	EndGlobalSection
	GlobalSection(SolutionProperties) = preSolution
		HideSolutionNode = FALSE
	EndGlobalSection
	GlobalSection(ExtensibilityGlobals) = postSolution
		SolutionGuid = {8F13E74D-1D22-43B9-A370-81CA8828B01D}
	EndGlobalSection
EndGlobal
