
Microsoft Visual Studio Solution File, Format Version 12.00
# Visual Studio Version 16
VisualStudioVersion = 16.0.30717.126
MinimumVisualStudioVersion = 10.0.40219.1
Project("{FAE04EC0-301F-11D3-BF4B-00C04F79EFBC}") = "ch03-round-format", "ch03-round-format\ch03-round-format.csproj", "{50F6ECFB-78D7-4F49-A6C0-E26E02B12186}"
EndProject
Global
	GlobalSection(SolutionConfigurationPlatforms) = preSolution
		Debug|Any CPU = Debug|Any CPU
		Release|Any CPU = Release|Any CPU
	EndGlobalSection
	GlobalSection(ProjectConfigurationPlatforms) = postSolution
		{50F6ECFB-78D7-4F49-A6C0-E26E02B12186}.Debug|Any CPU.ActiveCfg = Debug|Any CPU
		{50F6ECFB-78D7-4F49-A6C0-E26E02B12186}.Debug|Any CPU.Build.0 = Debug|Any CPU
		{50F6ECFB-78D7-4F49-A6C0-E26E02B12186}.Release|Any CPU.ActiveCfg = Release|Any CPU
		{50F6ECFB-78D7-4F49-A6C0-E26E02B12186}.Release|Any CPU.Build.0 = Release|Any CPU
	EndGlobalSection
	GlobalSection(SolutionProperties) = preSolution
		HideSolutionNode = FALSE
	EndGlobalSection
	GlobalSection(ExtensibilityGlobals) = postSolution
		SolutionGuid = {E071386B-340A-4247-85CD-E9564B9A2E0D}
	EndGlobalSection
EndGlobal
