
Microsoft Visual Studio Solution File, Format Version 12.00
# Visual Studio Version 16
VisualStudioVersion = 16.0.30717.126
MinimumVisualStudioVersion = 10.0.40219.1
Project("{FAE04EC0-301F-11D3-BF4B-00C04F79EFBC}") = "ch03-Switch-Statement", "ch03-Switch-Statement\ch03-Switch-Statement.csproj", "{8923AA26-A875-40DC-839C-FB7E921ABFFF}"
EndProject
Global
	GlobalSection(SolutionConfigurationPlatforms) = preSolution
		Debug|Any CPU = Debug|Any CPU
		Release|Any CPU = Release|Any CPU
	EndGlobalSection
	GlobalSection(ProjectConfigurationPlatforms) = postSolution
		{8923AA26-A875-40DC-839C-FB7E921ABFFF}.Debug|Any CPU.ActiveCfg = Debug|Any CPU
		{8923AA26-A875-40DC-839C-FB7E921ABFFF}.Debug|Any CPU.Build.0 = Debug|Any CPU
		{8923AA26-A875-40DC-839C-FB7E921ABFFF}.Release|Any CPU.ActiveCfg = Release|Any CPU
		{8923AA26-A875-40DC-839C-FB7E921ABFFF}.Release|Any CPU.Build.0 = Release|Any CPU
	EndGlobalSection
	GlobalSection(SolutionProperties) = preSolution
		HideSolutionNode = FALSE
	EndGlobalSection
	GlobalSection(ExtensibilityGlobals) = postSolution
		SolutionGuid = {83D4C1A8-873C-4551-9F65-614653B2AAEF}
	EndGlobalSection
EndGlobal
