
Microsoft Visual Studio Solution File, Format Version 12.00
# Visual Studio Version 16
VisualStudioVersion = 16.0.30717.126
MinimumVisualStudioVersion = 10.0.40219.1
Project("{FAE04EC0-301F-11D3-BF4B-00C04F79EFBC}") = "ch03_proj-3-1-Temperature-Converter", "ch03_proj-3-1-Temperature-Converter\ch03_proj-3-1-Temperature-Converter.csproj", "{F10D5A20-9C12-4FC4-8E2C-388403E38AB8}"
EndProject
Global
	GlobalSection(SolutionConfigurationPlatforms) = preSolution
		Debug|Any CPU = Debug|Any CPU
		Release|Any CPU = Release|Any CPU
	EndGlobalSection
	GlobalSection(ProjectConfigurationPlatforms) = postSolution
		{F10D5A20-9C12-4FC4-8E2C-388403E38AB8}.Debug|Any CPU.ActiveCfg = Debug|Any CPU
		{F10D5A20-9C12-4FC4-8E2C-388403E38AB8}.Debug|Any CPU.Build.0 = Debug|Any CPU
		{F10D5A20-9C12-4FC4-8E2C-388403E38AB8}.Release|Any CPU.ActiveCfg = Release|Any CPU
		{F10D5A20-9C12-4FC4-8E2C-388403E38AB8}.Release|Any CPU.Build.0 = Release|Any CPU
	EndGlobalSection
	GlobalSection(SolutionProperties) = preSolution
		HideSolutionNode = FALSE
	EndGlobalSection
	GlobalSection(ExtensibilityGlobals) = postSolution
		SolutionGuid = {EC65F47D-C909-4DDD-8B7F-137CCC9B7585}
	EndGlobalSection
EndGlobal
